{
    "dependencies": {
        "@dracula/dracula-ui": {
            "requires": {
                "classnames": "^2.2.6",
                "lodash": "^4.17.20",
                "lodash-es": "^4.17.15",
                "normalize.css": "^8.0.1"
            },
            "version": "0.2.7"
        },
        "classnames": {
            "version": "2.3.1"
        },
        "js-tokens": {
            "peer": true,
            "version": "4.0.0"
        },
        "lodash": {
            "version": "4.17.21"
        },
        "lodash-es": {
            "version": "4.17.21"
        },
        "loose-envify": {
            "peer": true,
            "requires": {
                "js-tokens": "^3.0.0 || ^4.0.0"
            },
            "version": "1.4.0"
        },
        "normalize.css": {
            "version": "8.0.1"
        },
        "object-assign": {
            "peer": true,
            "version": "4.1.1"
        },
        "react": {
            "peer": true,
            "requires": {
                "loose-envify": "^1.1.0",
                "object-assign": "^4.1.1"
            },
            "version": "17.0.2"
        }
    },
    "lockfileVersion": 2,
    "name": "editor-bootstrap.com",
    "packages": {
        "": {
            "dependencies": {
                "@dracula/dracula-ui": "^0.2.7"
            }
        },
        "node_modules/@dracula/dracula-ui": {
            "dependencies": {
                "classnames": "^2.2.6",
                "lodash": "^4.17.20",
                "lodash-es": "^4.17.15",
                "normalize.css": "^8.0.1"
            },
            "engines": {
                "node": ">=10"
            },
            "license": "MIT",
            "peerDependencies": {
                "react": ">=16"
            },
            "version": "0.2.7"
        },
        "node_modules/classnames": {
            "license": "MIT",
            "version": "2.3.1"
        },
        "node_modules/js-tokens": {
            "license": "MIT",
            "peer": true,
            "version": "4.0.0"
        },
        "node_modules/lodash": {
            "license": "MIT",
            "version": "4.17.21"
        },
        "node_modules/lodash-es": {
            "license": "MIT",
            "version": "4.17.21"
        },
        "node_modules/loose-envify": {
            "bin": {
                "loose-envify": "cli.js"
            },
            "dependencies": {
                "js-tokens": "^3.0.0 || ^4.0.0"
            },
            "license": "MIT",
            "peer": true,
            "version": "1.4.0"
        },
        "node_modules/normalize.css": {
            "license": "MIT",
            "version": "8.0.1"
        },
        "node_modules/object-assign": {
            "engines": {
                "node": ">=0.10.0"
            },
            "license": "MIT",
            "peer": true,
            "version": "4.1.1"
        },
        "node_modules/react": {
            "dependencies": {
                "loose-envify": "^1.1.0",
                "object-assign": "^4.1.1"
            },
            "engines": {
                "node": ">=0.10.0"
            },
            "license": "MIT",
            "peer": true,
            "version": "17.0.2"
        }
    },
    "requires": true
}